{
  "name": "pluginstest",
  "version": "1.0.0",
  "lockfileVersion": 2,
  "requires": true,
  "packages": {
    "": {
      "name": "pluginstest",
      "version": "1.0.0",
      "license": "MIT",
      "dependencies": {
        "dotenv": "^16.3.1"
      },
      "devDependencies": {
        "@playwright/test": "^1.38.0"
      }
    },
    "node_modules/@playwright/test": {
      "version": "1.42.1",
      "resolved": "https://registry.npmjs.org/@playwright/test/-/test-1.42.1.tgz",
      "integrity": "sha512-Gq9rmS54mjBL/7/MvBaNOBwbfnh7beHvS6oS4srqXFcQHpQCV1+c8JXWE8VLPyRDhgS3H8x8A7hztqI9VnwrAQ==",
      "dev": true,
      "dependencies": {
        "playwright": "1.42.1"
      },
      "bin": {
        "playwright": "cli.js"
      },
      "engines": {
        "node": ">=16"
      }
    },
    "node_modules/dotenv": {
      "version": "16.3.1",
      "resolved": "https://nexushost.is.adyen.com/repository/npm-internal/dotenv/-/dotenv-16.3.1.tgz",
      "integrity": "sha512-OJdaREdsqUPE3kVZe8ZiWI7RREiiVtqCWeQm6XGsApAEqBCLt6qHiTJOWa7FtM28d3TLeQzj1C9eA3t3tVPANw==",
      "license": "BSD-2-Clause",
      "engines": {
        "node": ">=12"
      },
      "funding": {
        "url": "https://github.com/motdotla/dotenv?sponsor=1"
      }
    },
    "node_modules/fsevents": {
      "version": "2.3.2",
      "resolved": "https://nexushost.is.adyen.com/repository/npm-internal/fsevents/-/fsevents-2.3.2.tgz",
      "integrity": "sha512-Bf7Xf0T//qPvd8wBr6B+TjcmK7FGEZeQAJQn05XeMAcjKflhvNhqCoHxkQpkZer0v/YyhyVlj0qbj7EruqHRpA==",
      "dev": true,
      "license": "MIT",
      "optional": true,
      "os": [
        "darwin"
      ],
      "engines": {
        "node": "^8.16.0 || ^10.6.0 || >=11.0.0"
      }
    },
    "node_modules/playwright": {
      "version": "1.42.1",
      "resolved": "https://registry.npmjs.org/playwright/-/playwright-1.42.1.tgz",
      "integrity": "sha512-PgwB03s2DZBcNRoW+1w9E+VkLBxweib6KTXM0M3tkiT4jVxKSi6PmVJ591J+0u10LUrgxB7dLRbiJqO5s2QPMg==",
      "dev": true,
      "dependencies": {
        "playwright-core": "1.42.1"
      },
      "bin": {
        "playwright": "cli.js"
      },
      "engines": {
        "node": ">=16"
      },
      "optionalDependencies": {
        "fsevents": "2.3.2"
      }
    },
    "node_modules/playwright-core": {
      "version": "1.42.1",
      "resolved": "https://registry.npmjs.org/playwright-core/-/playwright-core-1.42.1.tgz",
      "integrity": "sha512-mxz6zclokgrke9p1vtdy/COWBH+eOZgYUVVU34C73M+4j4HLlQJHtfcqiqqxpP0o8HhMkflvfbquLX5dg6wlfA==",
      "dev": true,
      "bin": {
        "playwright-core": "cli.js"
      },
      "engines": {
        "node": ">=16"
      }
    }
  },
  "dependencies": {
    "@playwright/test": {
      "version": "1.42.1",
      "resolved": "https://registry.npmjs.org/@playwright/test/-/test-1.42.1.tgz",
      "integrity": "sha512-Gq9rmS54mjBL/7/MvBaNOBwbfnh7beHvS6oS4srqXFcQHpQCV1+c8JXWE8VLPyRDhgS3H8x8A7hztqI9VnwrAQ==",
      "dev": true,
      "requires": {
        "playwright": "1.42.1"
      }
    },
    "dotenv": {
      "version": "16.3.1",
      "resolved": "https://nexushost.is.adyen.com/repository/npm-internal/dotenv/-/dotenv-16.3.1.tgz",
      "integrity": "sha512-OJdaREdsqUPE3kVZe8ZiWI7RREiiVtqCWeQm6XGsApAEqBCLt6qHiTJOWa7FtM28d3TLeQzj1C9eA3t3tVPANw=="
    },
    "fsevents": {
      "version": "2.3.2",
      "resolved": "https://nexushost.is.adyen.com/repository/npm-internal/fsevents/-/fsevents-2.3.2.tgz",
      "integrity": "sha512-Bf7Xf0T//qPvd8wBr6B+TjcmK7FGEZeQAJQn05XeMAcjKflhvNhqCoHxkQpkZer0v/YyhyVlj0qbj7EruqHRpA==",
      "dev": true,
      "optional": true
    },
    "playwright": {
      "version": "1.42.1",
      "resolved": "https://registry.npmjs.org/playwright/-/playwright-1.42.1.tgz",
      "integrity": "sha512-PgwB03s2DZBcNRoW+1w9E+VkLBxweib6KTXM0M3tkiT4jVxKSi6PmVJ591J+0u10LUrgxB7dLRbiJqO5s2QPMg==",
      "dev": true,
      "requires": {
        "fsevents": "2.3.2",
        "playwright-core": "1.42.1"
      }
    },
    "playwright-core": {
      "version": "1.42.1",
      "resolved": "https://registry.npmjs.org/playwright-core/-/playwright-core-1.42.1.tgz",
      "integrity": "sha512-mxz6zclokgrke9p1vtdy/COWBH+eOZgYUVVU34C73M+4j4HLlQJHtfcqiqqxpP0o8HhMkflvfbquLX5dg6wlfA==",
      "dev": true
    }
  }
}
