{
  "name": "pluginstest",
  "version": "1.0.0",
  "lockfileVersion": 2,
  "requires": true,
  "packages": {
    "": {
      "name": "pluginstest",
      "version": "1.0.0",
      "license": "MIT",
      "devDependencies": {
        "@playwright/test": "^1.38.0"
      }
    },
    "node_modules/@playwright/test": {
      "version": "1.38.0",
      "resolved": "https://nexushost.is.adyen.com/repository/npm-internal/@playwright/test/-/test-1.38.0.tgz",
      "integrity": "sha512-RHlImhvoddSXjnlv5EMfQjzL+Wi6N8wIzx2Xvv+zvtazaSfD10u8nUtJvdbXxFT6Zcj2DP7AAOGmDu1YIkuhSA==",
      "dev": true,
      "license": "Apache-2.0",
      "dependencies": {
        "playwright": "1.38.0"
      },
      "bin": {
        "playwright": "cli.js"
      },
      "engines": {
        "node": ">=16"
      }
    },
    "node_modules/fsevents": {
      "version": "2.3.2",
      "resolved": "https://nexushost.is.adyen.com/repository/npm-internal/fsevents/-/fsevents-2.3.2.tgz",
      "integrity": "sha512-Bf7Xf0T//qPvd8wBr6B+TjcmK7FGEZeQAJQn05XeMAcjKflhvNhqCoHxkQpkZer0v/YyhyVlj0qbj7EruqHRpA==",
      "dev": true,
      "license": "MIT",
      "optional": true,
      "os": [
        "darwin"
      ],
      "engines": {
        "node": "^8.16.0 || ^10.6.0 || >=11.0.0"
      }
    },
    "node_modules/playwright": {
      "version": "1.38.0",
      "resolved": "https://nexushost.is.adyen.com/repository/npm-internal/playwright/-/playwright-1.38.0.tgz",
      "integrity": "sha512-ndSqv1BIzt16s7aw6mNsNYSaIsfH944bJ0Gg4ei8kfZmxMMQ1IVPzxlB5O7IsuauYtr7PKFfFnnqiAH6BwzDmA==",
      "dev": true,
      "license": "Apache-2.0",
      "dependencies": {
        "playwright-core": "1.38.0"
      },
      "bin": {
        "playwright": "cli.js"
      },
      "engines": {
        "node": ">=16"
      },
      "optionalDependencies": {
        "fsevents": "2.3.2"
      }
    },
    "node_modules/playwright-core": {
      "version": "1.38.0",
      "resolved": "https://nexushost.is.adyen.com/repository/npm-internal/playwright-core/-/playwright-core-1.38.0.tgz",
      "integrity": "sha512-xWGl0bXS93yOtfDDsKtvNvq+LyPnAhKlxk5XhIy7FPdXx1STaWzd3WzVH+LZjE5gkbnL4thTUyM7XKM+99Vo4g==",
      "dev": true,
      "license": "Apache-2.0",
      "bin": {
        "playwright-core": "cli.js"
      },
      "engines": {
        "node": ">=16"
      }
    }
  },
  "dependencies": {
    "@playwright/test": {
      "version": "1.38.0",
      "resolved": "https://nexushost.is.adyen.com/repository/npm-internal/@playwright/test/-/test-1.38.0.tgz",
      "integrity": "sha512-RHlImhvoddSXjnlv5EMfQjzL+Wi6N8wIzx2Xvv+zvtazaSfD10u8nUtJvdbXxFT6Zcj2DP7AAOGmDu1YIkuhSA==",
      "dev": true,
      "requires": {
        "playwright": "1.38.0"
      }
    },
    "fsevents": {
      "version": "2.3.2",
      "resolved": "https://nexushost.is.adyen.com/repository/npm-internal/fsevents/-/fsevents-2.3.2.tgz",
      "integrity": "sha512-Bf7Xf0T//qPvd8wBr6B+TjcmK7FGEZeQAJQn05XeMAcjKflhvNhqCoHxkQpkZer0v/YyhyVlj0qbj7EruqHRpA==",
      "dev": true,
      "optional": true
    },
    "playwright": {
      "version": "1.38.0",
      "resolved": "https://nexushost.is.adyen.com/repository/npm-internal/playwright/-/playwright-1.38.0.tgz",
      "integrity": "sha512-ndSqv1BIzt16s7aw6mNsNYSaIsfH944bJ0Gg4ei8kfZmxMMQ1IVPzxlB5O7IsuauYtr7PKFfFnnqiAH6BwzDmA==",
      "dev": true,
      "requires": {
        "fsevents": "2.3.2",
        "playwright-core": "1.38.0"
      }
    },
    "playwright-core": {
      "version": "1.38.0",
      "resolved": "https://nexushost.is.adyen.com/repository/npm-internal/playwright-core/-/playwright-core-1.38.0.tgz",
      "integrity": "sha512-xWGl0bXS93yOtfDDsKtvNvq+LyPnAhKlxk5XhIy7FPdXx1STaWzd3WzVH+LZjE5gkbnL4thTUyM7XKM+99Vo4g==",
      "dev": true
    }
  }
}
